
Microsoft Visual Studio Solution File, Format Version 12.00
# Visual Studio Version 17
VisualStudioVersion = 17.9.34728.123
MinimumVisualStudioVersion = 10.0.40219.1
Project("{FAE04EC0-301F-11D3-BF4B-00C04F79EFBC}") = "DevLibraryMads.Payments.API", "DevLibraryMads.Payments.API\DevLibraryMads.Payments.API.csproj", "{EFFB8979-7ED3-46E0-856C-ED34852EA8C8}"
EndProject
Global
	GlobalSection(SolutionConfigurationPlatforms) = preSolution
		Debug|Any CPU = Debug|Any CPU
		Release|Any CPU = Release|Any CPU
	EndGlobalSection
	GlobalSection(ProjectConfigurationPlatforms) = postSolution
		{EFFB8979-7ED3-46E0-856C-ED34852EA8C8}.Debug|Any CPU.ActiveCfg = Debug|Any CPU
		{EFFB8979-7ED3-46E0-856C-ED34852EA8C8}.Debug|Any CPU.Build.0 = Debug|Any CPU
		{EFFB8979-7ED3-46E0-856C-ED34852EA8C8}.Release|Any CPU.ActiveCfg = Release|Any CPU
		{EFFB8979-7ED3-46E0-856C-ED34852EA8C8}.Release|Any CPU.Build.0 = Release|Any CPU
	EndGlobalSection
	GlobalSection(SolutionProperties) = preSolution
		HideSolutionNode = FALSE
	EndGlobalSection
	GlobalSection(ExtensibilityGlobals) = postSolution
		SolutionGuid = {E6C0B14A-F35E-4F4D-B93B-23745E3C29BE}
	EndGlobalSection
EndGlobal
